
Microsoft Visual Studio Solution File, Format Version 12.00
# Visual Studio 15
VisualStudioVersion = 15.0.28307.572
MinimumVisualStudioVersion = 10.0.40219.1
Project("{888888A0-9F3D-457C-B088-3A5042F75D52}") = "open_xlsx", "open_xlsx\open_xlsx.pyproj", "{294DE7F4-4C35-489D-95BC-690966CD4F5D}"
EndProject
Global
	GlobalSection(SolutionConfigurationPlatforms) = preSolution
		Debug|Any CPU = Debug|Any CPU
		Release|Any CPU = Release|Any CPU
	EndGlobalSection
	GlobalSection(ProjectConfigurationPlatforms) = postSolution
		{294DE7F4-4C35-489D-95BC-690966CD4F5D}.Debug|Any CPU.ActiveCfg = Debug|Any CPU
		{294DE7F4-4C35-489D-95BC-690966CD4F5D}.Release|Any CPU.ActiveCfg = Release|Any CPU
	EndGlobalSection
	GlobalSection(SolutionProperties) = preSolution
		HideSolutionNode = FALSE
	EndGlobalSection
	GlobalSection(ExtensibilityGlobals) = postSolution
		SolutionGuid = {1BFA2B1D-9A63-414B-9C1E-68433433788C}
	EndGlobalSection
EndGlobal
